
Microsoft Visual Studio Solution File, Format Version 12.00
# Visual Studio Version 17
VisualStudioVersion = 17.8.34309.116
MinimumVisualStudioVersion = 10.0.40219.1
Project("{FAE04EC0-301F-11D3-BF4B-00C04F79EFBC}") = "GameTic-Tac-Toc", "GameTic-Tac-Toc.csproj", "{AC85AB67-6F87-4805-B295-6E8649648941}"
EndProject
Global
	GlobalSection(SolutionConfigurationPlatforms) = preSolution
		Debug|Any CPU = Debug|Any CPU
		Release|Any CPU = Release|Any CPU
	EndGlobalSection
	GlobalSection(ProjectConfigurationPlatforms) = postSolution
		{AC85AB67-6F87-4805-B295-6E8649648941}.Debug|Any CPU.ActiveCfg = Debug|Any CPU
		{AC85AB67-6F87-4805-B295-6E8649648941}.Debug|Any CPU.Build.0 = Debug|Any CPU
		{AC85AB67-6F87-4805-B295-6E8649648941}.Release|Any CPU.ActiveCfg = Release|Any CPU
		{AC85AB67-6F87-4805-B295-6E8649648941}.Release|Any CPU.Build.0 = Release|Any CPU
	EndGlobalSection
	GlobalSection(SolutionProperties) = preSolution
		HideSolutionNode = FALSE
	EndGlobalSection
	GlobalSection(ExtensibilityGlobals) = postSolution
		SolutionGuid = {18CB9BD9-93E0-469C-8B26-03B77C96ADF4}
	EndGlobalSection
EndGlobal
